// !$*UTF8*$!
{
	archiveVersion = 1;
	classes = {
	};
	objectVersion = 46;
	objects = {

/* Begin PBXBuildFile section */
		2011372F1D0006CE00523B12 /* main.m in Sources */ = {isa = PBXBuildFile; fileRef = 2011372E1D0006CE00523B12 /* main.m */; };
		201137321D0006CE00523B12 /* AppDelegate.m in Sources */ = {isa = PBXBuildFile; fileRef = 201137311D0006CE00523B12 /* AppDelegate.m */; };
		201137351D0006CE00523B12 /* ViewController.m in Sources */ = {isa = PBXBuildFile; fileRef = 201137341D0006CE00523B12 /* ViewController.m */; };
		201137381D0006CE00523B12 /* Main.storyboard in Resources */ = {isa = PBXBuildFile; fileRef = 201137361D0006CE00523B12 /* Main.storyboard */; };
		2011373A1D0006CE00523B12 /* Assets.xcassets in Resources */ = {isa = PBXBuildFile; fileRef = 201137391D0006CE00523B12 /* Assets.xcassets */; };
		2011373D1D0006CE00523B12 /* LaunchScreen.storyboard in Resources */ = {isa = PBXBuildFile; fileRef = 2011373B1D0006CE00523B12 /* LaunchScreen.storyboard */; };
		201137481D0006CE00523B12 /* _______Tests.m in Sources */ = {isa = PBXBuildFile; fileRef = 201137471D0006CE00523B12 /* _______Tests.m */; };
		201137531D0006CE00523B12 /* _______UITests.m in Sources */ = {isa = PBXBuildFile; fileRef = 201137521D0006CE00523B12 /* _______UITests.m */; };
		201137A41D00253500523B12 /* UIView+Frame.m in Sources */ = {isa = PBXBuildFile; fileRef = 201137A31D00253500523B12 /* UIView+Frame.m */; };
/* End PBXBuildFile section */

/* Begin PBXContainerItemProxy section */
		201137441D0006CE00523B12 /* PBXContainerItemProxy */ = {
			isa = PBXContainerItemProxy;
			containerPortal = 201137221D0006CE00523B12 /* Project object */;
			proxyType = 1;
			remoteGlobalIDString = 201137291D0006CE00523B12;
			remoteInfo = "生命周期的测试";
		};
		2011374F1D0006CE00523B12 /* PBXContainerItemProxy */ = {
			isa = PBXContainerItemProxy;
			containerPortal = 201137221D0006CE00523B12 /* Project object */;
			proxyType = 1;
			remoteGlobalIDString = 201137291D0006CE00523B12;
			remoteInfo = "生命周期的测试";
		};
/* End PBXContainerItemProxy section */

/* Begin PBXFileReference section */
		2011372A1D0006CE00523B12 /* 生命周期的测试.app */ = {isa = PBXFileReference; explicitFileType = wrapper.application; includeInIndex = 0; path = "生命周期的测试.app"; sourceTree = BUILT_PRODUCTS_DIR; };
		2011372E1D0006CE00523B12 /* main.m */ = {isa = PBXFileReference; lastKnownFileType = sourcecode.c.objc; path = main.m; sourceTree = "<group>"; };
		201137301D0006CE00523B12 /* AppDelegate.h */ = {isa = PBXFileReference; lastKnownFileType = sourcecode.c.h; path = AppDelegate.h; sourceTree = "<group>"; };
		201137311D0006CE00523B12 /* AppDelegate.m */ = {isa = PBXFileReference; lastKnownFileType = sourcecode.c.objc; path = AppDelegate.m; sourceTree = "<group>"; };
		201137331D0006CE00523B12 /* ViewController.h */ = {isa = PBXFileReference; lastKnownFileType = sourcecode.c.h; path = ViewController.h; sourceTree = "<group>"; };
		201137341D0006CE00523B12 /* ViewController.m */ = {isa = PBXFileReference; lastKnownFileType = sourcecode.c.objc; path = ViewController.m; sourceTree = "<group>"; };
		201137371D0006CE00523B12 /* Base */ = {isa = PBXFileReference; lastKnownFileType = file.storyboard; name = Base; path = Base.lproj/Main.storyboard; sourceTree = "<group>"; };
		201137391D0006CE00523B12 /* Assets.xcassets */ = {isa = PBXFileReference; lastKnownFileType = folder.assetcatalog; path = Assets.xcassets; sourceTree = "<group>"; };
		2011373C1D0006CE00523B12 /* Base */ = {isa = PBXFileReference; lastKnownFileType = file.storyboard; name = Base; path = Base.lproj/LaunchScreen.storyboard; sourceTree = "<group>"; };
		2011373E1D0006CE00523B12 /* Info.plist */ = {isa = PBXFileReference; lastKnownFileType = text.plist.xml; path = Info.plist; sourceTree = "<group>"; };
		201137431D0006CE00523B12 /* 生命周期的测试Tests.xctest */ = {isa = PBXFileReference; explicitFileType = wrapper.cfbundle; includeInIndex = 0; path = "生命周期的测试Tests.xctest"; sourceTree = BUILT_PRODUCTS_DIR; };
		201137471D0006CE00523B12 /* _______Tests.m */ = {isa = PBXFileReference; lastKnownFileType = sourcecode.c.objc; path = "_______Tests.m"; sourceTree = "<group>"; };
		201137491D0006CE00523B12 /* Info.plist */ = {isa = PBXFileReference; lastKnownFileType = text.plist.xml; path = Info.plist; sourceTree = "<group>"; };
		2011374E1D0006CE00523B12 /* 生命周期的测试UITests.xctest */ = {isa = PBXFileReference; explicitFileType = wrapper.cfbundle; includeInIndex = 0; path = "生命周期的测试UITests.xctest"; sourceTree = BUILT_PRODUCTS_DIR; };
		201137521D0006CE00523B12 /* _______UITests.m */ = {isa = PBXFileReference; lastKnownFileType = sourcecode.c.objc; path = "_______UITests.m"; sourceTree = "<group>"; };
		201137541D0006CE00523B12 /* Info.plist */ = {isa = PBXFileReference; lastKnownFileType = text.plist.xml; path = Info.plist; sourceTree = "<group>"; };
		201137A21D00253500523B12 /* UIView+Frame.h */ = {isa = PBXFileReference; fileEncoding = 4; lastKnownFileType = sourcecode.c.h; path = "UIView+Frame.h"; sourceTree = "<group>"; };
		201137A31D00253500523B12 /* UIView+Frame.m */ = {isa = PBXFileReference; fileEncoding = 4; lastKnownFileType = sourcecode.c.objc; path = "UIView+Frame.m"; sourceTree = "<group>"; };
/* End PBXFileReference section */

/* Begin PBXFrameworksBuildPhase section */
		201137271D0006CE00523B12 /* Frameworks */ = {
			isa = PBXFrameworksBuildPhase;
			buildActionMask = 2147483647;
			files = (
			);
			runOnlyForDeploymentPostprocessing = 0;
		};
		201137401D0006CE00523B12 /* Frameworks */ = {
			isa = PBXFrameworksBuildPhase;
			buildActionMask = 2147483647;
			files = (
			);
			runOnlyForDeploymentPostprocessing = 0;
		};
		2011374B1D0006CE00523B12 /* Frameworks */ = {
			isa = PBXFrameworksBuildPhase;
			buildActionMask = 2147483647;
			files = (
			);
			runOnlyForDeploymentPostprocessing = 0;
		};
/* End PBXFrameworksBuildPhase section */

/* Begin PBXGroup section */
		201137211D0006CE00523B12 = {
			isa = PBXGroup;
			children = (
				2011372C1D0006CE00523B12 /* 生命周期的测试 */,
				201137461D0006CE00523B12 /* 生命周期的测试Tests */,
				201137511D0006CE00523B12 /* 生命周期的测试UITests */,
				2011372B1D0006CE00523B12 /* Products */,
			);
			sourceTree = "<group>";
		};
		2011372B1D0006CE00523B12 /* Products */ = {
			isa = PBXGroup;
			children = (
				2011372A1D0006CE00523B12 /* 生命周期的测试.app */,
				201137431D0006CE00523B12 /* 生命周期的测试Tests.xctest */,
				2011374E1D0006CE00523B12 /* 生命周期的测试UITests.xctest */,
			);
			name = Products;
			sourceTree = "<group>";
		};
		2011372C1D0006CE00523B12 /* 生命周期的测试 */ = {
			isa = PBXGroup;
			children = (
				201137301D0006CE00523B12 /* AppDelegate.h */,
				201137311D0006CE00523B12 /* AppDelegate.m */,
				201137331D0006CE00523B12 /* ViewController.h */,
				201137A21D00253500523B12 /* UIView+Frame.h */,
				201137A31D00253500523B12 /* UIView+Frame.m */,
				201137341D0006CE00523B12 /* ViewController.m */,
				201137361D0006CE00523B12 /* Main.storyboard */,
				201137391D0006CE00523B12 /* Assets.xcassets */,
				2011373B1D0006CE00523B12 /* LaunchScreen.storyboard */,
				2011373E1D0006CE00523B12 /* Info.plist */,
				2011372D1D0006CE00523B12 /* Supporting Files */,
			);
			path = "生命周期的测试";
			sourceTree = "<group>";
		};
		2011372D1D0006CE00523B12 /* Supporting Files */ = {
			isa = PBXGroup;
			children = (
				2011372E1D0006CE00523B12 /* main.m */,
			);
			name = "Supporting Files";
			sourceTree = "<group>";
		};
		201137461D0006CE00523B12 /* 生命周期的测试Tests */ = {
			isa = PBXGroup;
			children = (
				201137471D0006CE00523B12 /* _______Tests.m */,
				201137491D0006CE00523B12 /* Info.plist */,
			);
			path = "生命周期的测试Tests";
			sourceTree = "<group>";
		};
		201137511D0006CE00523B12 /* 生命周期的测试UITests */ = {
			isa = PBXGroup;
			children = (
				201137521D0006CE00523B12 /* _______UITests.m */,
				201137541D0006CE00523B12 /* Info.plist */,
			);
			path = "生命周期的测试UITests";
			sourceTree = "<group>";
		};
/* End PBXGroup section */

/* Begin PBXNativeTarget section */
		201137291D0006CE00523B12 /* 生命周期的测试 */ = {
			isa = PBXNativeTarget;
			buildConfigurationList = 201137571D0006CE00523B12 /* Build configuration list for PBXNativeTarget "生命周期的测试" */;
			buildPhases = (
				201137261D0006CE00523B12 /* Sources */,
				201137271D0006CE00523B12 /* Frameworks */,
				201137281D0006CE00523B12 /* Resources */,
			);
			buildRules = (
			);
			dependencies = (
			);
			name = "生命周期的测试";
			productName = "生命周期的测试";
			productReference = 2011372A1D0006CE00523B12 /* 生命周期的测试.app */;
			productType = "com.apple.product-type.application";
		};
		201137421D0006CE00523B12 /* 生命周期的测试Tests */ = {
			isa = PBXNativeTarget;
			buildConfigurationList = 2011375A1D0006CE00523B12 /* Build configuration list for PBXNativeTarget "生命周期的测试Tests" */;
			buildPhases = (
				2011373F1D0006CE00523B12 /* Sources */,
				201137401D0006CE00523B12 /* Frameworks */,
				201137411D0006CE00523B12 /* Resources */,
			);
			buildRules = (
			);
			dependencies = (
				201137451D0006CE00523B12 /* PBXTargetDependency */,
			);
			name = "生命周期的测试Tests";
			productName = "生命周期的测试Tests";
			productReference = 201137431D0006CE00523B12 /* 生命周期的测试Tests.xctest */;
			productType = "com.apple.product-type.bundle.unit-test";
		};
		2011374D1D0006CE00523B12 /* 生命周期的测试UITests */ = {
			isa = PBXNativeTarget;
			buildConfigurationList = 2011375D1D0006CE00523B12 /* Build configuration list for PBXNativeTarget "生命周期的测试UITests" */;
			buildPhases = (
				2011374A1D0006CE00523B12 /* Sources */,
				2011374B1D0006CE00523B12 /* Frameworks */,
				2011374C1D0006CE00523B12 /* Resources */,
			);
			buildRules = (
			);
			dependencies = (
				201137501D0006CE00523B12 /* PBXTargetDependency */,
			);
			name = "生命周期的测试UITests";
			productName = "生命周期的测试UITests";
			productReference = 2011374E1D0006CE00523B12 /* 生命周期的测试UITests.xctest */;
			productType = "com.apple.product-type.bundle.ui-testing";
		};
/* End PBXNativeTarget section */

/* Begin PBXProject section */
		201137221D0006CE00523B12 /* Project object */ = {
			isa = PBXProject;
			attributes = {
				LastUpgradeCheck = 0720;
				ORGANIZATIONNAME = cheyipai;
				TargetAttributes = {
					201137291D0006CE00523B12 = {
						CreatedOnToolsVersion = 7.2;
						DevelopmentTeam = TCVM59AQSU;
					};
					201137421D0006CE00523B12 = {
						CreatedOnToolsVersion = 7.2;
						TestTargetID = 201137291D0006CE00523B12;
					};
					2011374D1D0006CE00523B12 = {
						CreatedOnToolsVersion = 7.2;
						TestTargetID = 201137291D0006CE00523B12;
					};
				};
			};
			buildConfigurationList = 201137251D0006CE00523B12 /* Build configuration list for PBXProject "生命周期的测试" */;
			compatibilityVersion = "Xcode 3.2";
			developmentRegion = English;
			hasScannedForEncodings = 0;
			knownRegions = (
				en,
				Base,
			);
			mainGroup = 201137211D0006CE00523B12;
			productRefGroup = 2011372B1D0006CE00523B12 /* Products */;
			projectDirPath = "";
			projectRoot = "";
			targets = (
				201137291D0006CE00523B12 /* 生命周期的测试 */,
				201137421D0006CE00523B12 /* 生命周期的测试Tests */,
				2011374D1D0006CE00523B12 /* 生命周期的测试UITests */,
			);
		};
/* End PBXProject section */

/* Begin PBXResourcesBuildPhase section */
		201137281D0006CE00523B12 /* Resources */ = {
			isa = PBXResourcesBuildPhase;
			buildActionMask = 2147483647;
			files = (
				2011373D1D0006CE00523B12 /* LaunchScreen.storyboard in Resources */,
				2011373A1D0006CE00523B12 /* Assets.xcassets in Resources */,
				201137381D0006CE00523B12 /* Main.storyboard in Resources */,
			);
			runOnlyForDeploymentPostprocessing = 0;
		};
		201137411D0006CE00523B12 /* Resources */ = {
			isa = PBXResourcesBuildPhase;
			buildActionMask = 2147483647;
			files = (
			);
			runOnlyForDeploymentPostprocessing = 0;
		};
		2011374C1D0006CE00523B12 /* Resources */ = {
			isa = PBXResourcesBuildPhase;
			buildActionMask = 2147483647;
			files = (
			);
			runOnlyForDeploymentPostprocessing = 0;
		};
/* End PBXResourcesBuildPhase section */

/* Begin PBXSourcesBuildPhase section */
		201137261D0006CE00523B12 /* Sources */ = {
			isa = PBXSourcesBuildPhase;
			buildActionMask = 2147483647;
			files = (
				201137A41D00253500523B12 /* UIView+Frame.m in Sources */,
				201137351D0006CE00523B12 /* ViewController.m in Sources */,
				201137321D0006CE00523B12 /* AppDelegate.m in Sources */,
				2011372F1D0006CE00523B12 /* main.m in Sources */,
			);
			runOnlyForDeploymentPostprocessing = 0;
		};
		2011373F1D0006CE00523B12 /* Sources */ = {
			isa = PBXSourcesBuildPhase;
			buildActionMask = 2147483647;
			files = (
				201137481D0006CE00523B12 /* _______Tests.m in Sources */,
			);
			runOnlyForDeploymentPostprocessing = 0;
		};
		2011374A1D0006CE00523B12 /* Sources */ = {
			isa = PBXSourcesBuildPhase;
			buildActionMask = 2147483647;
			files = (
				201137531D0006CE00523B12 /* _______UITests.m in Sources */,
			);
			runOnlyForDeploymentPostprocessing = 0;
		};
/* End PBXSourcesBuildPhase section */

/* Begin PBXTargetDependency section */
		201137451D0006CE00523B12 /* PBXTargetDependency */ = {
			isa = PBXTargetDependency;
			target = 201137291D0006CE00523B12 /* 生命周期的测试 */;
			targetProxy = 201137441D0006CE00523B12 /* PBXContainerItemProxy */;
		};
		201137501D0006CE00523B12 /* PBXTargetDependency */ = {
			isa = PBXTargetDependency;
			target = 201137291D0006CE00523B12 /* 生命周期的测试 */;
			targetProxy = 2011374F1D0006CE00523B12 /* PBXContainerItemProxy */;
		};
/* End PBXTargetDependency section */

/* Begin PBXVariantGroup section */
		201137361D0006CE00523B12 /* Main.storyboard */ = {
			isa = PBXVariantGroup;
			children = (
				201137371D0006CE00523B12 /* Base */,
			);
			name = Main.storyboard;
			sourceTree = "<group>";
		};
		2011373B1D0006CE00523B12 /* LaunchScreen.storyboard */ = {
			isa = PBXVariantGroup;
			children = (
				2011373C1D0006CE00523B12 /* Base */,
			);
			name = LaunchScreen.storyboard;
			sourceTree = "<group>";
		};
/* End PBXVariantGroup section */

/* Begin XCBuildConfiguration section */
		201137551D0006CE00523B12 /* Debug */ = {
			isa = XCBuildConfiguration;
			buildSettings = {
				ALWAYS_SEARCH_USER_PATHS = NO;
				CLANG_CXX_LANGUAGE_STANDARD = "gnu++0x";
				CLANG_CXX_LIBRARY = "libc++";
				CLANG_ENABLE_MODULES = YES;
				CLANG_ENABLE_OBJC_ARC = YES;
				CLANG_WARN_BOOL_CONVERSION = YES;
				CLANG_WARN_CONSTANT_CONVERSION = YES;
				CLANG_WARN_DIRECT_OBJC_ISA_USAGE = YES_ERROR;
				CLANG_WARN_EMPTY_BODY = YES;
				CLANG_WARN_ENUM_CONVERSION = YES;
				CLANG_WARN_INT_CONVERSION = YES;
				CLANG_WARN_OBJC_ROOT_CLASS = YES_ERROR;
				CLANG_WARN_UNREACHABLE_CODE = YES;
				CLANG_WARN__DUPLICATE_METHOD_MATCH = YES;
				"CODE_SIGN_IDENTITY[sdk=iphoneos*]" = "iPhone Developer";
				COPY_PHASE_STRIP = NO;
				DEBUG_INFORMATION_FORMAT = dwarf;
				ENABLE_STRICT_OBJC_MSGSEND = YES;
				ENABLE_TESTABILITY = YES;
				GCC_C_LANGUAGE_STANDARD = gnu99;
				GCC_DYNAMIC_NO_PIC = NO;
				GCC_NO_COMMON_BLOCKS = YES;
				GCC_OPTIMIZATION_LEVEL = 0;
				GCC_PREPROCESSOR_DEFINITIONS = (
					"DEBUG=1",
					"$(inherited)",
				);
				GCC_WARN_64_TO_32_BIT_CONVERSION = YES;
				GCC_WARN_ABOUT_RETURN_TYPE = YES_ERROR;
				GCC_WARN_UNDECLARED_SELECTOR = YES;
				GCC_WARN_UNINITIALIZED_AUTOS = YES_AGGRESSIVE;
				GCC_WARN_UNUSED_FUNCTION = YES;
				GCC_WARN_UNUSED_VARIABLE = YES;
				IPHONEOS_DEPLOYMENT_TARGET = 9.2;
				MTL_ENABLE_DEBUG_INFO = YES;
				ONLY_ACTIVE_ARCH = YES;
				SDKROOT = iphoneos;
				TARGETED_DEVICE_FAMILY = "1,2";
			};
			name = Debug;
		};
		201137561D0006CE00523B12 /* Release */ = {
			isa = XCBuildConfiguration;
			buildSettings = {
				ALWAYS_SEARCH_USER_PATHS = NO;
				CLANG_CXX_LANGUAGE_STANDARD = "gnu++0x";
				CLANG_CXX_LIBRARY = "libc++";
				CLANG_ENABLE_MODULES = YES;
				CLANG_ENABLE_OBJC_ARC = YES;
				CLANG_WARN_BOOL_CONVERSION = YES;
				CLANG_WARN_CONSTANT_CONVERSION = YES;
				CLANG_WARN_DIRECT_OBJC_ISA_USAGE = YES_ERROR;
				CLANG_WARN_EMPTY_BODY = YES;
				CLANG_WARN_ENUM_CONVERSION = YES;
				CLANG_WARN_INT_CONVERSION = YES;
				CLANG_WARN_OBJC_ROOT_CLASS = YES_ERROR;
				CLANG_WARN_UNREACHABLE_CODE = YES;
				CLANG_WARN__DUPLICATE_METHOD_MATCH = YES;
				"CODE_SIGN_IDENTITY[sdk=iphoneos*]" = "iPhone Developer";
				COPY_PHASE_STRIP = NO;
				DEBUG_INFORMATION_FORMAT = "dwarf-with-dsym";
				ENABLE_NS_ASSERTIONS = NO;
				ENABLE_STRICT_OBJC_MSGSEND = YES;
				GCC_C_LANGUAGE_STANDARD = gnu99;
				GCC_NO_COMMON_BLOCKS = YES;
				GCC_WARN_64_TO_32_BIT_CONVERSION = YES;
				GCC_WARN_ABOUT_RETURN_TYPE = YES_ERROR;
				GCC_WARN_UNDECLARED_SELECTOR = YES;
				GCC_WARN_UNINITIALIZED_AUTOS = YES_AGGRESSIVE;
				GCC_WARN_UNUSED_FUNCTION = YES;
				GCC_WARN_UNUSED_VARIABLE = YES;
				IPHONEOS_DEPLOYMENT_TARGET = 9.2;
				MTL_ENABLE_DEBUG_INFO = NO;
				SDKROOT = iphoneos;
				TARGETED_DEVICE_FAMILY = "1,2";
				VALIDATE_PRODUCT = YES;
			};
			name = Release;
		};
		201137581D0006CE00523B12 /* Debug */ = {
			isa = XCBuildConfiguration;
			buildSettings = {
				ASSETCATALOG_COMPILER_APPICON_NAME = AppIcon;
				CODE_SIGN_IDENTITY = "iPhone Developer";
				INFOPLIST_FILE = "生命周期的测试/Info.plist";
				IPHONEOS_DEPLOYMENT_TARGET = 8.1;
				LD_RUNPATH_SEARCH_PATHS = "$(inherited) @executable_path/Frameworks";
				PRODUCT_BUNDLE_IDENTIFIER = com.cheyipai.kk;
				PRODUCT_NAME = "$(TARGET_NAME)";
			};
			name = Debug;
		};
		201137591D0006CE00523B12 /* Release */ = {
			isa = XCBuildConfiguration;
			buildSettings = {
				ASSETCATALOG_COMPILER_APPICON_NAME = AppIcon;
				CODE_SIGN_IDENTITY = "iPhone Developer";
				INFOPLIST_FILE = "生命周期的测试/Info.plist";
				IPHONEOS_DEPLOYMENT_TARGET = 8.1;
				LD_RUNPATH_SEARCH_PATHS = "$(inherited) @executable_path/Frameworks";
				PRODUCT_BUNDLE_IDENTIFIER = com.cheyipai.kk;
				PRODUCT_NAME = "$(TARGET_NAME)";
			};
			name = Release;
		};
		2011375B1D0006CE00523B12 /* Debug */ = {
			isa = XCBuildConfiguration;
			buildSettings = {
				BUNDLE_LOADER = "$(TEST_HOST)";
				INFOPLIST_FILE = "生命周期的测试Tests/Info.plist";
				LD_RUNPATH_SEARCH_PATHS = "$(inherited) @executable_path/Frameworks @loader_path/Frameworks";
				PRODUCT_BUNDLE_IDENTIFIER = "com.cheyipai.-------Tests";
				PRODUCT_NAME = "$(TARGET_NAME)";
				TEST_HOST = "$(BUILT_PRODUCTS_DIR)/生命周期的测试.app/生命周期的测试";
			};
			name = Debug;
		};
		2011375C1D0006CE00523B12 /* Release */ = {
			isa = XCBuildConfiguration;
			buildSettings = {
				BUNDLE_LOADER = "$(TEST_HOST)";
				INFOPLIST_FILE = "生命周期的测试Tests/Info.plist";
				LD_RUNPATH_SEARCH_PATHS = "$(inherited) @executable_path/Frameworks @loader_path/Frameworks";
				PRODUCT_BUNDLE_IDENTIFIER = "com.cheyipai.-------Tests";
				PRODUCT_NAME = "$(TARGET_NAME)";
				TEST_HOST = "$(BUILT_PRODUCTS_DIR)/生命周期的测试.app/生命周期的测试";
			};
			name = Release;
		};
		2011375E1D0006CE00523B12 /* Debug */ = {
			isa = XCBuildConfiguration;
			buildSettings = {
				INFOPLIST_FILE = "生命周期的测试UITests/Info.plist";
				LD_RUNPATH_SEARCH_PATHS = "$(inherited) @executable_path/Frameworks @loader_path/Frameworks";
				PRODUCT_BUNDLE_IDENTIFIER = "com.cheyipai.-------UITests";
				PRODUCT_NAME = "$(TARGET_NAME)";
				TEST_TARGET_NAME = "生命周期的测试";
				USES_XCTRUNNER = YES;
			};
			name = Debug;
		};
		2011375F1D0006CE00523B12 /* Release */ = {
			isa = XCBuildConfiguration;
			buildSettings = {
				INFOPLIST_FILE = "生命周期的测试UITests/Info.plist";
				LD_RUNPATH_SEARCH_PATHS = "$(inherited) @executable_path/Frameworks @loader_path/Frameworks";
				PRODUCT_BUNDLE_IDENTIFIER = "com.cheyipai.-------UITests";
				PRODUCT_NAME = "$(TARGET_NAME)";
				TEST_TARGET_NAME = "生命周期的测试";
				USES_XCTRUNNER = YES;
			};
			name = Release;
		};
/* End XCBuildConfiguration section */

/* Begin XCConfigurationList section */
		201137251D0006CE00523B12 /* Build configuration list for PBXProject "生命周期的测试" */ = {
			isa = XCConfigurationList;
			buildConfigurations = (
				201137551D0006CE00523B12 /* Debug */,
				201137561D0006CE00523B12 /* Release */,
			);
			defaultConfigurationIsVisible = 0;
			defaultConfigurationName = Release;
		};
		201137571D0006CE00523B12 /* Build configuration list for PBXNativeTarget "生命周期的测试" */ = {
			isa = XCConfigurationList;
			buildConfigurations = (
				201137581D0006CE00523B12 /* Debug */,
				201137591D0006CE00523B12 /* Release */,
			);
			defaultConfigurationIsVisible = 0;
			defaultConfigurationName = Release;
		};
		2011375A1D0006CE00523B12 /* Build configuration list for PBXNativeTarget "生命周期的测试Tests" */ = {
			isa = XCConfigurationList;
			buildConfigurations = (
				2011375B1D0006CE00523B12 /* Debug */,
				2011375C1D0006CE00523B12 /* Release */,
			);
			defaultConfigurationIsVisible = 0;
			defaultConfigurationName = Release;
		};
		2011375D1D0006CE00523B12 /* Build configuration list for PBXNativeTarget "生命周期的测试UITests" */ = {
			isa = XCConfigurationList;
			buildConfigurations = (
				2011375E1D0006CE00523B12 /* Debug */,
				2011375F1D0006CE00523B12 /* Release */,
			);
			defaultConfigurationIsVisible = 0;
			defaultConfigurationName = Release;
		};
/* End XCConfigurationList section */
	};
	rootObject = 201137221D0006CE00523B12 /* Project object */;
}
